
Microsoft Visual Studio Solution File, Format Version 12.00
# Visual Studio Version 16
VisualStudioVersion = 16.0.29519.87
MinimumVisualStudioVersion = 10.0.40219.1
Project("{FAE04EC0-301F-11D3-BF4B-00C04F79EFBC}") = "waste-recycling-java-jakabij", "waste-recycling-java-jakabij.csproj", "{C6FF7E79-24CB-42B3-A45D-DD5A656E21F8}"
EndProject
Global
	GlobalSection(SolutionConfigurationPlatforms) = preSolution
		Debug|Any CPU = Debug|Any CPU
		Release|Any CPU = Release|Any CPU
	EndGlobalSection
	GlobalSection(ProjectConfigurationPlatforms) = postSolution
		{C6FF7E79-24CB-42B3-A45D-DD5A656E21F8}.Debug|Any CPU.ActiveCfg = Debug|Any CPU
		{C6FF7E79-24CB-42B3-A45D-DD5A656E21F8}.Debug|Any CPU.Build.0 = Debug|Any CPU
		{C6FF7E79-24CB-42B3-A45D-DD5A656E21F8}.Release|Any CPU.ActiveCfg = Release|Any CPU
		{C6FF7E79-24CB-42B3-A45D-DD5A656E21F8}.Release|Any CPU.Build.0 = Release|Any CPU
	EndGlobalSection
	GlobalSection(SolutionProperties) = preSolution
		HideSolutionNode = FALSE
	EndGlobalSection
	GlobalSection(ExtensibilityGlobals) = postSolution
		SolutionGuid = {EE136337-7E57-4809-BB01-7E894D0408A2}
	EndGlobalSection
EndGlobal
